<?xml version="1.0" encoding="utf-8"?>
<Project ToolsVersion="15.0" xmlns="http://schemas.microsoft.com/developer/msbuild/2003">
  <ItemGroup>
    <Filter Include="Resource Files">
      <UniqueIdentifier>{67DA6AB6-F800-4c08-8B7A-83BB121AAD01}</UniqueIdentifier>
      <Extensions>rc;ico;cur;bmp;dlg;rc2;rct;bin;rgs;gif;jpg;jpeg;jpe;resx;tga;tiff;tif;png;wav;mfcribbon-ms</Extensions>
    </Filter>
  </ItemGroup>
  <ItemGroup>
    <ClCompile Include="BattleSim.cpp" />
    <ClCompile Include="pch.cpp" />
    <ClCompile Include="Unit.cpp" />
    <ClCompile Include="InfantryUnit.cpp" />
    <ClCompile Include="Army.cpp" />
    <ClCompile Include="UnitDecorator.cpp" />
    <ClCompile Include="heavyArmed.cpp" />
    <ClCompile Include="lightArmed.cpp" />
  </ItemGroup>
  <ItemGroup>
    <ClInclude Include="BattleSim.h" />
    <ClInclude Include="pch.h" />
    <ClInclude Include="targetver.h" />
    <ClInclude Include="Unit.h" />
    <ClInclude Include="InfantryUnit.h" />
    <ClInclude Include="Army.h" />
    <ClInclude Include="UnitDecorator.h" />
    <ClInclude Include="heavyArmed.h" />
    <ClInclude Include="lightArmed.h" />
  </ItemGroup>
</Project>